{
  "name": "perms",
  "version": "1.0.0",
  "lockfileVersion": 1,
  "requires": true,
  "dependencies": {
    "axios": {
      "version": "0.18.1",
      "resolved": "https://registry.npmjs.org/axios/-/axios-0.18.1.tgz",
      "integrity": "sha512-0BfJq4NSfQXd+SkFdrvFbG7addhYSBA2mQwISr46pD6E5iqkWg02RAs8vyTT/j0RTnoYmeXauBuSv1qKwR179g==",
      "requires": {
        "follow-redirects": "1.5.10",
        "is-buffer": "^2.0.2"
      },
      "dependencies": {
        "is-buffer": {
          "version": "2.0.4",
          "resolved": "https://registry.npmjs.org/is-buffer/-/is-buffer-2.0.4.tgz",
          "integrity": "sha512-Kq1rokWXOPXWuaMAqZiJW4XxsmD9zGx9q4aePabbn3qCRGedtH7Cm+zV8WETitMfu1wdh+Rvd6w5egwSngUX2A=="
        }
      }
    },
    "babel": {
      "version": "5.8.38",
      "resolved": "https://registry.npmjs.org/babel/-/babel-5.8.38.tgz",
      "integrity": "sha1-37CHwiiUkXxXb7Z86c8yjUWGKfs="
    },
    "babel-core": {
      "version": "5.8.38",
      "resolved": "https://registry.npmjs.org/babel-core/-/babel-core-5.8.38.tgz",
      "integrity": "sha1-H8ruedfmG3ULALjlT238nQr4ZVg="
    },
    "babel-loader": {
      "version": "5.4.2",
      "resolved": "https://registry.npmjs.org/babel-loader/-/babel-loader-5.4.2.tgz",
      "integrity": "sha1-d/4o2OYNDwVrHBvKJbhJTNqrnHY=",
      "dependencies": {
        "object-assign": {
          "version": "3.0.0",
          "resolved": "https://registry.npmjs.org/object-assign/-/object-assign-3.0.0.tgz",
          "integrity": "sha1-m+3VygiXlJvKR+f/QIBi1Un1h/I="
        }
      }
    },
    "bows": {
      "version": "1.6.0",
      "resolved": "https://registry.npmjs.org/bows/-/bows-1.6.0.tgz",
      "integrity": "sha1-DH1lyWgs6K3trFDXCcxJjJYo2gU="
    },
    "color-hash": {
      "version": "1.0.3",
      "resolved": "https://registry.npmjs.org/color-hash/-/color-hash-1.0.3.tgz",
      "integrity": "sha1-wOeVLwbQIuVI5l2iOVEr1n04Ce4="
    },
    "eslint": {
      "version": "0.22.1",
      "resolved": "https://registry.npmjs.org/eslint/-/eslint-0.22.1.tgz",
      "integrity": "sha1-VbrAiUWwrNoXRWINIKUqK6mH1m4=",
      "dependencies": {
        "espree": {
          "version": "2.2.5",
          "resolved": "https://registry.npmjs.org/espree/-/espree-2.2.5.tgz",
          "integrity": "sha1-32kbkxCIlAKuspzAZnCMVmkLhUs="
        },
        "object-assign": {
          "version": "2.1.1",
          "resolved": "https://registry.npmjs.org/object-assign/-/object-assign-2.1.1.tgz",
          "integrity": "sha1-Q8NuXVaf+OSBbE76i+AtJpZ8GKo="
        }
      }
    },
    "follow-redirects": {
      "version": "1.5.10",
      "resolved": "https://registry.npmjs.org/follow-redirects/-/follow-redirects-1.5.10.tgz",
      "integrity": "sha512-0V5l4Cizzvqt5D44aTXbFZz+FtyXV1vrDN6qrelxtfYQKW0KO0W2T/hkE8xvGa/540LkZlkaUjO4ailYTFtHVQ==",
      "requires": {
        "debug": "=3.1.0"
      },
      "dependencies": {
        "debug": {
          "version": "3.1.0",
          "resolved": "https://registry.npmjs.org/debug/-/debug-3.1.0.tgz",
          "integrity": "sha512-OX8XqP7/1a9cqkxYw2yXss15f26NKWBpDXQd0/uK/KPqdQhxbPa994hnzjcE2VqQpDslf55723cKPUOGSmMY3g==",
          "requires": {
            "ms": "2.0.0"
          }
        }
      }
    },
    "ms": {
      "version": "2.0.0",
      "resolved": "https://registry.npmjs.org/ms/-/ms-2.0.0.tgz",
      "integrity": "sha1-VgiurfwAvmwpAd9fmGF4jeDVl8g="
    },
    "standard": {
      "version": "10.0.2",
      "resolved": "https://registry.npmjs.org/standard/-/standard-10.0.2.tgz",
      "integrity": "sha1-l0wcU8yGWwdaS1dueEQeFpXar3s=",
      "dev": true,
      "dependencies": {
        "cli-width": {
          "version": "2.1.0",
          "resolved": "https://registry.npmjs.org/cli-width/-/cli-width-2.1.0.tgz",
          "integrity": "sha1-sjTKIJsp72b8UY2bmNWEewDt8Ao="
        },
        "doctrine": {
          "version": "2.0.0",
          "resolved": "https://registry.npmjs.org/doctrine/-/doctrine-2.0.0.tgz",
          "integrity": "sha1-xz2NKQnSIpHhoAejlYBNqLZl/mM="
        },
        "eslint": {
          "version": "3.19.0",
          "resolved": "https://registry.npmjs.org/eslint/-/eslint-3.19.0.tgz",
          "integrity": "sha1-yPxiAcf0DdCJQbh8CFdnOGpnmsw="
        },
        "estraverse": {
          "version": "4.2.0",
          "resolved": "https://registry.npmjs.org/estraverse/-/estraverse-4.2.0.tgz",
          "integrity": "sha1-De4/7TH81GlhjOc0IJn8GvoL2xM="
        },
        "fast-levenshtein": {
          "version": "2.0.6",
          "resolved": "https://registry.npmjs.org/fast-levenshtein/-/fast-levenshtein-2.0.6.tgz",
          "integrity": "sha1-PYpcZog6FqMMqGQ+hR8Zuqd5eRc="
        },
        "glob": {
          "version": "7.1.2",
          "resolved": "https://registry.npmjs.org/glob/-/glob-7.1.2.tgz",
          "integrity": "sha512-MJTUg1kjuLeQCJ+ccE4Vpa6kKVXkPYJ2mOCQyUuKLcLQsdrMCpBPUi8qVE6+YuaJkozeA9NusTAw3hLr8Xe5EQ=="
        },
        "globals": {
          "version": "9.18.0",
          "resolved": "https://registry.npmjs.org/globals/-/globals-9.18.0.tgz",
          "integrity": "sha512-S0nG3CLEQiY/ILxqtztTWH/3iRRdyBLw6KMDxnKMchrtbj2OFmehVh0WUCfW3DUrIgx/qFrJPICrq4Z4sTR9UQ=="
        },
        "inquirer": {
          "version": "0.12.0",
          "resolved": "https://registry.npmjs.org/inquirer/-/inquirer-0.12.0.tgz",
          "integrity": "sha1-HvK/1jUE3wvHV4X/+MLEHfEvB34="
        },
        "levn": {
          "version": "0.3.0",
          "resolved": "https://registry.npmjs.org/levn/-/levn-0.3.0.tgz",
          "integrity": "sha1-OwmSTt+fCDwEkP3UwLxEIeBHZO4="
        },
        "lodash": {
          "version": "4.17.4",
          "resolved": "https://registry.npmjs.org/lodash/-/lodash-4.17.4.tgz",
          "integrity": "sha1-eCA6TRwyiuHYbcpkYONptX9AVa4="
        },
        "minimatch": {
          "version": "3.0.4",
          "resolved": "https://registry.npmjs.org/minimatch/-/minimatch-3.0.4.tgz",
          "integrity": "sha512-yJHVQEhyqPLUTgt9B83PXu6W3rx4MvvHvSUvToogpwoGDOUQ+yDrR0HRot+yOCdCO7u4hX3pWft6kWBBcqh0UA=="
        },
        "mute-stream": {
          "version": "0.0.5",
          "resolved": "https://registry.npmjs.org/mute-stream/-/mute-stream-0.0.5.tgz",
          "integrity": "sha1-j7+rsKmKJT0xhDMfno3rc3L6xsA="
        },
        "optionator": {
          "version": "0.8.2",
          "resolved": "https://registry.npmjs.org/optionator/-/optionator-0.8.2.tgz",
          "integrity": "sha1-NkxeQJ0/TWMB1sC0wFu6UBgK62Q="
        },
        "readline2": {
          "version": "1.0.1",
          "resolved": "https://registry.npmjs.org/readline2/-/readline2-1.0.1.tgz",
          "integrity": "sha1-QQWWCP/BVHV7cV2ZidGZ/783LjU="
        },
        "strip-json-comments": {
          "version": "2.0.1",
          "resolved": "https://registry.npmjs.org/strip-json-comments/-/strip-json-comments-2.0.1.tgz",
          "integrity": "sha1-PFMZQukIwml8DsNEhYwobHygpgo="
        },
        "user-home": {
          "version": "2.0.0",
          "resolved": "https://registry.npmjs.org/user-home/-/user-home-2.0.0.tgz",
          "integrity": "sha1-nHC/2Babwdy/SGBODwS4tJzenp8="
        },
        "wordwrap": {
          "version": "1.0.0",
          "resolved": "https://registry.npmjs.org/wordwrap/-/wordwrap-1.0.0.tgz",
          "integrity": "sha1-J1hIEIkUVqQXHI0CJkQa3pDLyus="
        }
      }
    },
    "topojson-client": {
      "version": "2.1.0",
      "resolved": "https://registry.npmjs.org/topojson-client/-/topojson-client-2.1.0.tgz",
      "integrity": "sha1-/59784mRGF4LQoTCsGroNPDqxsg="
    },
    "webpack": {
      "version": "1.15.0",
      "resolved": "https://registry.npmjs.org/webpack/-/webpack-1.15.0.tgz",
      "integrity": "sha1-T/MfU9sDM55VFkqdRo7gMklo/pg=",
      "dependencies": {
        "acorn": {
          "version": "3.3.0",
          "resolved": "https://registry.npmjs.org/acorn/-/acorn-3.3.0.tgz",
          "integrity": "sha1-ReN/s56No/JbruP/U2niu18iAXo="
        },
        "supports-color": {
          "version": "3.2.3",
          "resolved": "https://registry.npmjs.org/supports-color/-/supports-color-3.2.3.tgz",
          "integrity": "sha1-ZawFBLOVQXHYpklGsq48u4pfVPY="
        }
      }
    },
    "webpack-dev-server": {
      "version": "1.16.5",
      "resolved": "https://registry.npmjs.org/webpack-dev-server/-/webpack-dev-server-1.16.5.tgz",
      "integrity": "sha1-DL1fLSrI1OWTqs1clwLnu9XlmJI=",
      "dev": true,
      "dependencies": {
        "supports-color": {
          "version": "3.2.3",
          "resolved": "https://registry.npmjs.org/supports-color/-/supports-color-3.2.3.tgz",
          "integrity": "sha1-ZawFBLOVQXHYpklGsq48u4pfVPY="
        }
      }
    }
  }
}
